// !$*UTF8*$!
{
	archiveVersion = 1;
	classes = {
	};
	objectVersion = 50;
	objects = {

/* Begin PBXBuildFile section */
		6FD0411220B3E2210045BCC5 /* MemoryCard.swift in Sources */ = {isa = PBXBuildFile; fileRef = 6FD0411120B3E2210045BCC5 /* MemoryCard.swift */; };
		6FD0411420B3E72D0045BCC5 /* MemoryGameSet.swift in Sources */ = {isa = PBXBuildFile; fileRef = 6FD0411320B3E72D0045BCC5 /* MemoryGameSet.swift */; };
		6FD5DAE020B1CE2200F48BEE /* AppDelegate.swift in Sources */ = {isa = PBXBuildFile; fileRef = 6FD5DADF20B1CE2200F48BEE /* AppDelegate.swift */; };
		6FD5DAE220B1CE2200F48BEE /* MemoryViewController.swift in Sources */ = {isa = PBXBuildFile; fileRef = 6FD5DAE120B1CE2200F48BEE /* MemoryViewController.swift */; };
		6FD5DAE520B1CE2200F48BEE /* Main.storyboard in Resources */ = {isa = PBXBuildFile; fileRef = 6FD5DAE320B1CE2200F48BEE /* Main.storyboard */; };
		6FD5DAE720B1CE2400F48BEE /* Assets.xcassets in Resources */ = {isa = PBXBuildFile; fileRef = 6FD5DAE620B1CE2400F48BEE /* Assets.xcassets */; };
		6FD5DAEA20B1CE2400F48BEE /* LaunchScreen.storyboard in Resources */ = {isa = PBXBuildFile; fileRef = 6FD5DAE820B1CE2400F48BEE /* LaunchScreen.storyboard */; };
/* End PBXBuildFile section */

/* Begin PBXFileReference section */
		6FD0411120B3E2210045BCC5 /* MemoryCard.swift */ = {isa = PBXFileReference; lastKnownFileType = sourcecode.swift; path = MemoryCard.swift; sourceTree = "<group>"; };
		6FD0411320B3E72D0045BCC5 /* MemoryGameSet.swift */ = {isa = PBXFileReference; lastKnownFileType = sourcecode.swift; path = MemoryGameSet.swift; sourceTree = "<group>"; };
		6FD5DADC20B1CE2200F48BEE /* Memory.app */ = {isa = PBXFileReference; explicitFileType = wrapper.application; includeInIndex = 0; path = Memory.app; sourceTree = BUILT_PRODUCTS_DIR; };
		6FD5DADF20B1CE2200F48BEE /* AppDelegate.swift */ = {isa = PBXFileReference; lastKnownFileType = sourcecode.swift; path = AppDelegate.swift; sourceTree = "<group>"; };
		6FD5DAE120B1CE2200F48BEE /* MemoryViewController.swift */ = {isa = PBXFileReference; lastKnownFileType = sourcecode.swift; path = MemoryViewController.swift; sourceTree = "<group>"; };
		6FD5DAE420B1CE2200F48BEE /* Base */ = {isa = PBXFileReference; lastKnownFileType = file.storyboard; name = Base; path = Base.lproj/Main.storyboard; sourceTree = "<group>"; };
		6FD5DAE620B1CE2400F48BEE /* Assets.xcassets */ = {isa = PBXFileReference; lastKnownFileType = folder.assetcatalog; path = Assets.xcassets; sourceTree = "<group>"; };
		6FD5DAE920B1CE2400F48BEE /* Base */ = {isa = PBXFileReference; lastKnownFileType = file.storyboard; name = Base; path = Base.lproj/LaunchScreen.storyboard; sourceTree = "<group>"; };
		6FD5DAEB20B1CE2400F48BEE /* Info.plist */ = {isa = PBXFileReference; lastKnownFileType = text.plist.xml; path = Info.plist; sourceTree = "<group>"; };
/* End PBXFileReference section */

/* Begin PBXFrameworksBuildPhase section */
		6FD5DAD920B1CE2200F48BEE /* Frameworks */ = {
			isa = PBXFrameworksBuildPhase;
			buildActionMask = 2147483647;
			files = (
			);
			runOnlyForDeploymentPostprocessing = 0;
		};
/* End PBXFrameworksBuildPhase section */

/* Begin PBXGroup section */
		6FD5DAD320B1CE2200F48BEE = {
			isa = PBXGroup;
			children = (
				6FD5DADE20B1CE2200F48BEE /* Memory */,
				6FD5DADD20B1CE2200F48BEE /* Products */,
			);
			sourceTree = "<group>";
		};
		6FD5DADD20B1CE2200F48BEE /* Products */ = {
			isa = PBXGroup;
			children = (
				6FD5DADC20B1CE2200F48BEE /* Memory.app */,
			);
			name = Products;
			sourceTree = "<group>";
		};
		6FD5DADE20B1CE2200F48BEE /* Memory */ = {
			isa = PBXGroup;
			children = (
				6FD5DAEB20B1CE2400F48BEE /* Info.plist */,
				6FD5DAE120B1CE2200F48BEE /* MemoryViewController.swift */,
				6FD0411120B3E2210045BCC5 /* MemoryCard.swift */,
				6FD0411320B3E72D0045BCC5 /* MemoryGameSet.swift */,
				6FD5DAE320B1CE2200F48BEE /* Main.storyboard */,
				6FD5DAF120B2166A00F48BEE /* supporting files */,
				6FD5DAE620B1CE2400F48BEE /* Assets.xcassets */,
			);
			path = Memory;
			sourceTree = "<group>";
		};
		6FD5DAF120B2166A00F48BEE /* supporting files */ = {
			isa = PBXGroup;
			children = (
				6FD5DADF20B1CE2200F48BEE /* AppDelegate.swift */,
				6FD5DAE820B1CE2400F48BEE /* LaunchScreen.storyboard */,
			);
			path = "supporting files";
			sourceTree = "<group>";
		};
/* End PBXGroup section */

/* Begin PBXNativeTarget section */
		6FD5DADB20B1CE2200F48BEE /* Memory */ = {
			isa = PBXNativeTarget;
			buildConfigurationList = 6FD5DAEE20B1CE2400F48BEE /* Build configuration list for PBXNativeTarget "Memory" */;
			buildPhases = (
				6FD5DAD820B1CE2200F48BEE /* Sources */,
				6FD5DAD920B1CE2200F48BEE /* Frameworks */,
				6FD5DADA20B1CE2200F48BEE /* Resources */,
			);
			buildRules = (
			);
			dependencies = (
			);
			name = Memory;
			productName = Memory;
			productReference = 6FD5DADC20B1CE2200F48BEE /* Memory.app */;
			productType = "com.apple.product-type.application";
		};
/* End PBXNativeTarget section */

/* Begin PBXProject section */
		6FD5DAD420B1CE2200F48BEE /* Project object */ = {
			isa = PBXProject;
			attributes = {
				LastSwiftUpdateCheck = 0930;
				LastUpgradeCheck = 0930;
				ORGANIZATIONNAME = "Bernhard F. Kraft";
				TargetAttributes = {
					6FD5DADB20B1CE2200F48BEE = {
						CreatedOnToolsVersion = 9.3.1;
					};
				};
			};
			buildConfigurationList = 6FD5DAD720B1CE2200F48BEE /* Build configuration list for PBXProject "Memory" */;
			compatibilityVersion = "Xcode 9.3";
			developmentRegion = en;
			hasScannedForEncodings = 0;
			knownRegions = (
				en,
				Base,
			);
			mainGroup = 6FD5DAD320B1CE2200F48BEE;
			productRefGroup = 6FD5DADD20B1CE2200F48BEE /* Products */;
			projectDirPath = "";
			projectRoot = "";
			targets = (
				6FD5DADB20B1CE2200F48BEE /* Memory */,
			);
		};
/* End PBXProject section */

/* Begin PBXResourcesBuildPhase section */
		6FD5DADA20B1CE2200F48BEE /* Resources */ = {
			isa = PBXResourcesBuildPhase;
			buildActionMask = 2147483647;
			files = (
				6FD5DAEA20B1CE2400F48BEE /* LaunchScreen.storyboard in Resources */,
				6FD5DAE720B1CE2400F48BEE /* Assets.xcassets in Resources */,
				6FD5DAE520B1CE2200F48BEE /* Main.storyboard in Resources */,
			);
			runOnlyForDeploymentPostprocessing = 0;
		};
/* End PBXResourcesBuildPhase section */

/* Begin PBXSourcesBuildPhase section */
		6FD5DAD820B1CE2200F48BEE /* Sources */ = {
			isa = PBXSourcesBuildPhase;
			buildActionMask = 2147483647;
			files = (
				6FD5DAE220B1CE2200F48BEE /* MemoryViewController.swift in Sources */,
				6FD0411420B3E72D0045BCC5 /* MemoryGameSet.swift in Sources */,
				6FD5DAE020B1CE2200F48BEE /* AppDelegate.swift in Sources */,
				6FD0411220B3E2210045BCC5 /* MemoryCard.swift in Sources */,
			);
			runOnlyForDeploymentPostprocessing = 0;
		};
/* End PBXSourcesBuildPhase section */

/* Begin PBXVariantGroup section */
		6FD5DAE320B1CE2200F48BEE /* Main.storyboard */ = {
			isa = PBXVariantGroup;
			children = (
				6FD5DAE420B1CE2200F48BEE /* Base */,
			);
			name = Main.storyboard;
			sourceTree = "<group>";
		};
		6FD5DAE820B1CE2400F48BEE /* LaunchScreen.storyboard */ = {
			isa = PBXVariantGroup;
			children = (
				6FD5DAE920B1CE2400F48BEE /* Base */,
			);
			name = LaunchScreen.storyboard;
			sourceTree = "<group>";
		};
/* End PBXVariantGroup section */

/* Begin XCBuildConfiguration section */
		6FD5DAEC20B1CE2400F48BEE /* Debug */ = {
			isa = XCBuildConfiguration;
			buildSettings = {
				ALWAYS_SEARCH_USER_PATHS = NO;
				CLANG_ANALYZER_NONNULL = YES;
				CLANG_ANALYZER_NUMBER_OBJECT_CONVERSION = YES_AGGRESSIVE;
				CLANG_CXX_LANGUAGE_STANDARD = "gnu++14";
				CLANG_CXX_LIBRARY = "libc++";
				CLANG_ENABLE_MODULES = YES;
				CLANG_ENABLE_OBJC_ARC = YES;
				CLANG_ENABLE_OBJC_WEAK = YES;
				CLANG_WARN_BLOCK_CAPTURE_AUTORELEASING = YES;
				CLANG_WARN_BOOL_CONVERSION = YES;
				CLANG_WARN_COMMA = YES;
				CLANG_WARN_CONSTANT_CONVERSION = YES;
				CLANG_WARN_DEPRECATED_OBJC_IMPLEMENTATIONS = YES;
				CLANG_WARN_DIRECT_OBJC_ISA_USAGE = YES_ERROR;
				CLANG_WARN_DOCUMENTATION_COMMENTS = YES;
				CLANG_WARN_EMPTY_BODY = YES;
				CLANG_WARN_ENUM_CONVERSION = YES;
				CLANG_WARN_INFINITE_RECURSION = YES;
				CLANG_WARN_INT_CONVERSION = YES;
				CLANG_WARN_NON_LITERAL_NULL_CONVERSION = YES;
				CLANG_WARN_OBJC_IMPLICIT_RETAIN_SELF = YES;
				CLANG_WARN_OBJC_LITERAL_CONVERSION = YES;
				CLANG_WARN_OBJC_ROOT_CLASS = YES_ERROR;
				CLANG_WARN_RANGE_LOOP_ANALYSIS = YES;
				CLANG_WARN_STRICT_PROTOTYPES = YES;
				CLANG_WARN_SUSPICIOUS_MOVE = YES;
				CLANG_WARN_UNGUARDED_AVAILABILITY = YES_AGGRESSIVE;
				CLANG_WARN_UNREACHABLE_CODE = YES;
				CLANG_WARN__DUPLICATE_METHOD_MATCH = YES;
				CODE_SIGN_IDENTITY = "iPhone Developer";
				COPY_PHASE_STRIP = NO;
				DEBUG_INFORMATION_FORMAT = dwarf;
				ENABLE_STRICT_OBJC_MSGSEND = YES;
				ENABLE_TESTABILITY = YES;
				GCC_C_LANGUAGE_STANDARD = gnu11;
				GCC_DYNAMIC_NO_PIC = NO;
				GCC_NO_COMMON_BLOCKS = YES;
				GCC_OPTIMIZATION_LEVEL = 0;
				GCC_PREPROCESSOR_DEFINITIONS = (
					"DEBUG=1",
					"$(inherited)",
				);
				GCC_WARN_64_TO_32_BIT_CONVERSION = YES;
				GCC_WARN_ABOUT_RETURN_TYPE = YES_ERROR;
				GCC_WARN_UNDECLARED_SELECTOR = YES;
				GCC_WARN_UNINITIALIZED_AUTOS = YES_AGGRESSIVE;
				GCC_WARN_UNUSED_FUNCTION = YES;
				GCC_WARN_UNUSED_VARIABLE = YES;
				IPHONEOS_DEPLOYMENT_TARGET = 11.3;
				MTL_ENABLE_DEBUG_INFO = YES;
				ONLY_ACTIVE_ARCH = YES;
				SDKROOT = iphoneos;
				SWIFT_ACTIVE_COMPILATION_CONDITIONS = DEBUG;
				SWIFT_OPTIMIZATION_LEVEL = "-Onone";
			};
			name = Debug;
		};
		6FD5DAED20B1CE2400F48BEE /* Release */ = {
			isa = XCBuildConfiguration;
			buildSettings = {
				ALWAYS_SEARCH_USER_PATHS = NO;
				CLANG_ANALYZER_NONNULL = YES;
				CLANG_ANALYZER_NUMBER_OBJECT_CONVERSION = YES_AGGRESSIVE;
				CLANG_CXX_LANGUAGE_STANDARD = "gnu++14";
				CLANG_CXX_LIBRARY = "libc++";
				CLANG_ENABLE_MODULES = YES;
				CLANG_ENABLE_OBJC_ARC = YES;
				CLANG_ENABLE_OBJC_WEAK = YES;
				CLANG_WARN_BLOCK_CAPTURE_AUTORELEASING = YES;
				CLANG_WARN_BOOL_CONVERSION = YES;
				CLANG_WARN_COMMA = YES;
				CLANG_WARN_CONSTANT_CONVERSION = YES;
				CLANG_WARN_DEPRECATED_OBJC_IMPLEMENTATIONS = YES;
				CLANG_WARN_DIRECT_OBJC_ISA_USAGE = YES_ERROR;
				CLANG_WARN_DOCUMENTATION_COMMENTS = YES;
				CLANG_WARN_EMPTY_BODY = YES;
				CLANG_WARN_ENUM_CONVERSION = YES;
				CLANG_WARN_INFINITE_RECURSION = YES;
				CLANG_WARN_INT_CONVERSION = YES;
				CLANG_WARN_NON_LITERAL_NULL_CONVERSION = YES;
				CLANG_WARN_OBJC_IMPLICIT_RETAIN_SELF = YES;
				CLANG_WARN_OBJC_LITERAL_CONVERSION = YES;
				CLANG_WARN_OBJC_ROOT_CLASS = YES_ERROR;
				CLANG_WARN_RANGE_LOOP_ANALYSIS = YES;
				CLANG_WARN_STRICT_PROTOTYPES = YES;
				CLANG_WARN_SUSPICIOUS_MOVE = YES;
				CLANG_WARN_UNGUARDED_AVAILABILITY = YES_AGGRESSIVE;
				CLANG_WARN_UNREACHABLE_CODE = YES;
				CLANG_WARN__DUPLICATE_METHOD_MATCH = YES;
				CODE_SIGN_IDENTITY = "iPhone Developer";
				COPY_PHASE_STRIP = NO;
				DEBUG_INFORMATION_FORMAT = "dwarf-with-dsym";
				ENABLE_NS_ASSERTIONS = NO;
				ENABLE_STRICT_OBJC_MSGSEND = YES;
				GCC_C_LANGUAGE_STANDARD = gnu11;
				GCC_NO_COMMON_BLOCKS = YES;
				GCC_WARN_64_TO_32_BIT_CONVERSION = YES;
				GCC_WARN_ABOUT_RETURN_TYPE = YES_ERROR;
				GCC_WARN_UNDECLARED_SELECTOR = YES;
				GCC_WARN_UNINITIALIZED_AUTOS = YES_AGGRESSIVE;
				GCC_WARN_UNUSED_FUNCTION = YES;
				GCC_WARN_UNUSED_VARIABLE = YES;
				IPHONEOS_DEPLOYMENT_TARGET = 11.3;
				MTL_ENABLE_DEBUG_INFO = NO;
				SDKROOT = iphoneos;
				SWIFT_COMPILATION_MODE = wholemodule;
				SWIFT_OPTIMIZATION_LEVEL = "-O";
				VALIDATE_PRODUCT = YES;
			};
			name = Release;
		};
		6FD5DAEF20B1CE2400F48BEE /* Debug */ = {
			isa = XCBuildConfiguration;
			buildSettings = {
				ASSETCATALOG_COMPILER_APPICON_NAME = AppIcon;
				CODE_SIGN_STYLE = Automatic;
				DEVELOPMENT_TEAM = KEKRBGN226;
				INFOPLIST_FILE = Memory/Info.plist;
				LD_RUNPATH_SEARCH_PATHS = (
					"$(inherited)",
					"@executable_path/Frameworks",
				);
				PRODUCT_BUNDLE_IDENTIFIER = "com.bfk-engineering.Memory";
				PRODUCT_NAME = "$(TARGET_NAME)";
				SWIFT_VERSION = 4.0;
				TARGETED_DEVICE_FAMILY = "1,2";
			};
			name = Debug;
		};
		6FD5DAF020B1CE2400F48BEE /* Release */ = {
			isa = XCBuildConfiguration;
			buildSettings = {
				ASSETCATALOG_COMPILER_APPICON_NAME = AppIcon;
				CODE_SIGN_STYLE = Automatic;
				DEVELOPMENT_TEAM = KEKRBGN226;
				INFOPLIST_FILE = Memory/Info.plist;
				LD_RUNPATH_SEARCH_PATHS = (
					"$(inherited)",
					"@executable_path/Frameworks",
				);
				PRODUCT_BUNDLE_IDENTIFIER = "com.bfk-engineering.Memory";
				PRODUCT_NAME = "$(TARGET_NAME)";
				SWIFT_VERSION = 4.0;
				TARGETED_DEVICE_FAMILY = "1,2";
			};
			name = Release;
		};
/* End XCBuildConfiguration section */

/* Begin XCConfigurationList section */
		6FD5DAD720B1CE2200F48BEE /* Build configuration list for PBXProject "Memory" */ = {
			isa = XCConfigurationList;
			buildConfigurations = (
				6FD5DAEC20B1CE2400F48BEE /* Debug */,
				6FD5DAED20B1CE2400F48BEE /* Release */,
			);
			defaultConfigurationIsVisible = 0;
			defaultConfigurationName = Release;
		};
		6FD5DAEE20B1CE2400F48BEE /* Build configuration list for PBXNativeTarget "Memory" */ = {
			isa = XCConfigurationList;
			buildConfigurations = (
				6FD5DAEF20B1CE2400F48BEE /* Debug */,
				6FD5DAF020B1CE2400F48BEE /* Release */,
			);
			defaultConfigurationIsVisible = 0;
			defaultConfigurationName = Release;
		};
/* End XCConfigurationList section */
	};
	rootObject = 6FD5DAD420B1CE2200F48BEE /* Project object */;
}
